
Microsoft Visual Studio Solution File, Format Version 10.00
# Visual Studio 2008
Project("{2150E333-8FDC-42A3-9474-1A3956D46DE8}") = "Solution Items", "Solution Items", "{985EF536-AC41-4D96-8686-D3C571ACFBD4}"
	ProjectSection(SolutionItems) = preProject
		MdiView.rc = MdiView.rc
	EndProjectSection
EndProject
Project("{8BC9CEB8-8B4A-11D0-8D11-00A0C91BC942}") = "Adapter", "Adapter.vcproj", "{12F5B32A-6639-4B17-A576-5F4BF2D9E21E}"
EndProject
Project("{8BC9CEB8-8B4A-11D0-8D11-00A0C91BC942}") = "Algorithms", "Algorithms.vcproj", "{2B3E6426-E2BD-4FBF-B493-06C9268EF268}"
EndProject
Project("{8BC9CEB8-8B4A-11D0-8D11-00A0C91BC942}") = "Attribute", "Attribute.vcproj", "{FE4171BD-0D9F-4869-A4B3-7B8AF053DCE7}"
EndProject
Project("{8BC9CEB8-8B4A-11D0-8D11-00A0C91BC942}") = "BasicType", "BasicType.vcproj", "{F4D0EC48-278A-4D1E-AB20-CA235DE28387}"
EndProject
Project("{8BC9CEB8-8B4A-11D0-8D11-00A0C91BC942}") = "DBFeature", "DBFeature.vcproj", "{EEC6024A-1625-4091-A532-E3F8588B4E63}"
EndProject
Project("{8BC9CEB8-8B4A-11D0-8D11-00A0C91BC942}") = "Edit", "Edit.vcproj", "{78591C15-46A9-4C21-B0FD-F0DF3DACB6CB}"
	ProjectSection(ProjectDependencies) = postProject
		{A5BCF329-A17A-4579-B8CB-5C82D2C01924} = {A5BCF329-A17A-4579-B8CB-5C82D2C01924}
	EndProjectSection
EndProject
Project("{8BC9CEB8-8B4A-11D0-8D11-00A0C91BC942}") = "NVDataPublish", "NVDataPublish.vcproj", "{582D6D77-A2F5-4E70-8D6E-B26800ED985F}"
EndProject
Project("{8BC9CEB8-8B4A-11D0-8D11-00A0C91BC942}") = "Render", "Render.vcproj", "{05252725-E4FE-4E84-BE04-8D75B066C19B}"
EndProject
Project("{8BC9CEB8-8B4A-11D0-8D11-00A0C91BC942}") = "Shell", "Shell.vcproj", "{7E80940E-FE59-4C6B-B555-4E45100106E1}"
	ProjectSection(ProjectDependencies) = postProject
		{68E3F280-8620-4857-8634-7369882DCB55} = {68E3F280-8620-4857-8634-7369882DCB55}
		{582D6D77-A2F5-4E70-8D6E-B26800ED985F} = {582D6D77-A2F5-4E70-8D6E-B26800ED985F}
		{A3449213-3A21-450D-B85F-12C1DD4451C9} = {A3449213-3A21-450D-B85F-12C1DD4451C9}
		{05252725-E4FE-4E84-BE04-8D75B066C19B} = {05252725-E4FE-4E84-BE04-8D75B066C19B}
		{78591C15-46A9-4C21-B0FD-F0DF3DACB6CB} = {78591C15-46A9-4C21-B0FD-F0DF3DACB6CB}
		{AD35D7E9-589B-49FE-92AF-8AF6839FA687} = {AD35D7E9-589B-49FE-92AF-8AF6839FA687}
		{FE4171BD-0D9F-4869-A4B3-7B8AF053DCE7} = {FE4171BD-0D9F-4869-A4B3-7B8AF053DCE7}
		{0A8F3985-9087-44A0-AF68-B8FF1A132A2B} = {0A8F3985-9087-44A0-AF68-B8FF1A132A2B}
		{EEC6024A-1625-4091-A532-E3F8588B4E63} = {EEC6024A-1625-4091-A532-E3F8588B4E63}
		{F4D0EC48-278A-4D1E-AB20-CA235DE28387} = {F4D0EC48-278A-4D1E-AB20-CA235DE28387}
		{2B3E6426-E2BD-4FBF-B493-06C9268EF268} = {2B3E6426-E2BD-4FBF-B493-06C9268EF268}
		{3C966CBA-2476-4160-9610-AD046B1315C2} = {3C966CBA-2476-4160-9610-AD046B1315C2}
		{12F5B32A-6639-4B17-A576-5F4BF2D9E21E} = {12F5B32A-6639-4B17-A576-5F4BF2D9E21E}
	EndProjectSection
EndProject
Project("{8BC9CEB8-8B4A-11D0-8D11-00A0C91BC942}") = "SimulateNavigate", "SimulateNavigate.vcproj", "{68E3F280-8620-4857-8634-7369882DCB55}"
EndProject
Project("{8BC9CEB8-8B4A-11D0-8D11-00A0C91BC942}") = "SpatialIndex", "SpatialIndex.vcproj", "{A3449213-3A21-450D-B85F-12C1DD4451C9}"
EndProject
Project("{8BC9CEB8-8B4A-11D0-8D11-00A0C91BC942}") = "StorageManager", "StorageManager.vcproj", "{0A8F3985-9087-44A0-AF68-B8FF1A132A2B}"
EndProject
Project("{8BC9CEB8-8B4A-11D0-8D11-00A0C91BC942}") = "Test", "Test.vcproj", "{3C966CBA-2476-4160-9610-AD046B1315C2}"
EndProject
Project("{8BC9CEB8-8B4A-11D0-8D11-00A0C91BC942}") = "Tools", "Tools.vcproj", "{AD35D7E9-589B-49FE-92AF-8AF6839FA687}"
EndProject
Project("{8BC9CEB8-8B4A-11D0-8D11-00A0C91BC942}") = "Generalization", "Generalization.vcproj", "{A5BCF329-A17A-4579-B8CB-5C82D2C01924}"
EndProject
Global
	GlobalSection(SolutionConfigurationPlatforms) = preSolution
		Debug|Mixed Platforms = Debug|Mixed Platforms
		Debug|Pocket PC 2003 (ARMV4) = Debug|Pocket PC 2003 (ARMV4)
		Debug|Win32 = Debug|Win32
		Release|Mixed Platforms = Release|Mixed Platforms
		Release|Pocket PC 2003 (ARMV4) = Release|Pocket PC 2003 (ARMV4)
		Release|Win32 = Release|Win32
	EndGlobalSection
	GlobalSection(ProjectConfigurationPlatforms) = postSolution
		{12F5B32A-6639-4B17-A576-5F4BF2D9E21E}.Debug|Mixed Platforms.ActiveCfg = Debug|Win32
		{12F5B32A-6639-4B17-A576-5F4BF2D9E21E}.Debug|Mixed Platforms.Build.0 = Debug|Win32
		{12F5B32A-6639-4B17-A576-5F4BF2D9E21E}.Debug|Pocket PC 2003 (ARMV4).ActiveCfg = Debug|Win32
		{12F5B32A-6639-4B17-A576-5F4BF2D9E21E}.Debug|Win32.ActiveCfg = Debug|Win32
		{12F5B32A-6639-4B17-A576-5F4BF2D9E21E}.Debug|Win32.Build.0 = Debug|Win32
		{12F5B32A-6639-4B17-A576-5F4BF2D9E21E}.Release|Mixed Platforms.ActiveCfg = Release|Win32
		{12F5B32A-6639-4B17-A576-5F4BF2D9E21E}.Release|Mixed Platforms.Build.0 = Release|Win32
		{12F5B32A-6639-4B17-A576-5F4BF2D9E21E}.Release|Pocket PC 2003 (ARMV4).ActiveCfg = Release|Win32
		{12F5B32A-6639-4B17-A576-5F4BF2D9E21E}.Release|Win32.ActiveCfg = Release|Win32
		{12F5B32A-6639-4B17-A576-5F4BF2D9E21E}.Release|Win32.Build.0 = Release|Win32
		{2B3E6426-E2BD-4FBF-B493-06C9268EF268}.Debug|Mixed Platforms.ActiveCfg = Debug|Win32
		{2B3E6426-E2BD-4FBF-B493-06C9268EF268}.Debug|Mixed Platforms.Build.0 = Debug|Win32
		{2B3E6426-E2BD-4FBF-B493-06C9268EF268}.Debug|Pocket PC 2003 (ARMV4).ActiveCfg = Debug|Win32
		{2B3E6426-E2BD-4FBF-B493-06C9268EF268}.Debug|Win32.ActiveCfg = Debug|Win32
		{2B3E6426-E2BD-4FBF-B493-06C9268EF268}.Debug|Win32.Build.0 = Debug|Win32
		{2B3E6426-E2BD-4FBF-B493-06C9268EF268}.Release|Mixed Platforms.ActiveCfg = Release|Win32
		{2B3E6426-E2BD-4FBF-B493-06C9268EF268}.Release|Mixed Platforms.Build.0 = Release|Win32
		{2B3E6426-E2BD-4FBF-B493-06C9268EF268}.Release|Pocket PC 2003 (ARMV4).ActiveCfg = Release|Win32
		{2B3E6426-E2BD-4FBF-B493-06C9268EF268}.Release|Win32.ActiveCfg = Release|Win32
		{2B3E6426-E2BD-4FBF-B493-06C9268EF268}.Release|Win32.Build.0 = Release|Win32
		{FE4171BD-0D9F-4869-A4B3-7B8AF053DCE7}.Debug|Mixed Platforms.ActiveCfg = Debug|Win32
		{FE4171BD-0D9F-4869-A4B3-7B8AF053DCE7}.Debug|Mixed Platforms.Build.0 = Debug|Win32
		{FE4171BD-0D9F-4869-A4B3-7B8AF053DCE7}.Debug|Pocket PC 2003 (ARMV4).ActiveCfg = Debug|Win32
		{FE4171BD-0D9F-4869-A4B3-7B8AF053DCE7}.Debug|Win32.ActiveCfg = Debug|Win32
		{FE4171BD-0D9F-4869-A4B3-7B8AF053DCE7}.Debug|Win32.Build.0 = Debug|Win32
		{FE4171BD-0D9F-4869-A4B3-7B8AF053DCE7}.Release|Mixed Platforms.ActiveCfg = Release|Win32
		{FE4171BD-0D9F-4869-A4B3-7B8AF053DCE7}.Release|Mixed Platforms.Build.0 = Release|Win32
		{FE4171BD-0D9F-4869-A4B3-7B8AF053DCE7}.Release|Pocket PC 2003 (ARMV4).ActiveCfg = Release|Win32
		{FE4171BD-0D9F-4869-A4B3-7B8AF053DCE7}.Release|Win32.ActiveCfg = Release|Win32
		{FE4171BD-0D9F-4869-A4B3-7B8AF053DCE7}.Release|Win32.Build.0 = Release|Win32
		{F4D0EC48-278A-4D1E-AB20-CA235DE28387}.Debug|Mixed Platforms.ActiveCfg = Debug|Win32
		{F4D0EC48-278A-4D1E-AB20-CA235DE28387}.Debug|Mixed Platforms.Build.0 = Debug|Win32
		{F4D0EC48-278A-4D1E-AB20-CA235DE28387}.Debug|Pocket PC 2003 (ARMV4).ActiveCfg = Debug|Win32
		{F4D0EC48-278A-4D1E-AB20-CA235DE28387}.Debug|Win32.ActiveCfg = Debug|Win32
		{F4D0EC48-278A-4D1E-AB20-CA235DE28387}.Debug|Win32.Build.0 = Debug|Win32
		{F4D0EC48-278A-4D1E-AB20-CA235DE28387}.Release|Mixed Platforms.ActiveCfg = Release|Win32
		{F4D0EC48-278A-4D1E-AB20-CA235DE28387}.Release|Mixed Platforms.Build.0 = Release|Win32
		{F4D0EC48-278A-4D1E-AB20-CA235DE28387}.Release|Pocket PC 2003 (ARMV4).ActiveCfg = Release|Win32
		{F4D0EC48-278A-4D1E-AB20-CA235DE28387}.Release|Win32.ActiveCfg = Release|Win32
		{F4D0EC48-278A-4D1E-AB20-CA235DE28387}.Release|Win32.Build.0 = Release|Win32
		{EEC6024A-1625-4091-A532-E3F8588B4E63}.Debug|Mixed Platforms.ActiveCfg = Debug|Win32
		{EEC6024A-1625-4091-A532-E3F8588B4E63}.Debug|Mixed Platforms.Build.0 = Debug|Win32
		{EEC6024A-1625-4091-A532-E3F8588B4E63}.Debug|Pocket PC 2003 (ARMV4).ActiveCfg = Debug|Win32
		{EEC6024A-1625-4091-A532-E3F8588B4E63}.Debug|Win32.ActiveCfg = Debug|Win32
		{EEC6024A-1625-4091-A532-E3F8588B4E63}.Debug|Win32.Build.0 = Debug|Win32
		{EEC6024A-1625-4091-A532-E3F8588B4E63}.Release|Mixed Platforms.ActiveCfg = Release|Win32
		{EEC6024A-1625-4091-A532-E3F8588B4E63}.Release|Mixed Platforms.Build.0 = Release|Win32
		{EEC6024A-1625-4091-A532-E3F8588B4E63}.Release|Pocket PC 2003 (ARMV4).ActiveCfg = Release|Win32
		{EEC6024A-1625-4091-A532-E3F8588B4E63}.Release|Win32.ActiveCfg = Release|Win32
		{EEC6024A-1625-4091-A532-E3F8588B4E63}.Release|Win32.Build.0 = Release|Win32
		{78591C15-46A9-4C21-B0FD-F0DF3DACB6CB}.Debug|Mixed Platforms.ActiveCfg = Debug|Win32
		{78591C15-46A9-4C21-B0FD-F0DF3DACB6CB}.Debug|Mixed Platforms.Build.0 = Debug|Win32
		{78591C15-46A9-4C21-B0FD-F0DF3DACB6CB}.Debug|Pocket PC 2003 (ARMV4).ActiveCfg = Debug|Win32
		{78591C15-46A9-4C21-B0FD-F0DF3DACB6CB}.Debug|Win32.ActiveCfg = Debug|Win32
		{78591C15-46A9-4C21-B0FD-F0DF3DACB6CB}.Debug|Win32.Build.0 = Debug|Win32
		{78591C15-46A9-4C21-B0FD-F0DF3DACB6CB}.Release|Mixed Platforms.ActiveCfg = Release|Win32
		{78591C15-46A9-4C21-B0FD-F0DF3DACB6CB}.Release|Mixed Platforms.Build.0 = Release|Win32
		{78591C15-46A9-4C21-B0FD-F0DF3DACB6CB}.Release|Pocket PC 2003 (ARMV4).ActiveCfg = Release|Win32
		{78591C15-46A9-4C21-B0FD-F0DF3DACB6CB}.Release|Win32.ActiveCfg = Release|Win32
		{78591C15-46A9-4C21-B0FD-F0DF3DACB6CB}.Release|Win32.Build.0 = Release|Win32
		{582D6D77-A2F5-4E70-8D6E-B26800ED985F}.Debug|Mixed Platforms.ActiveCfg = Debug|Win32
		{582D6D77-A2F5-4E70-8D6E-B26800ED985F}.Debug|Mixed Platforms.Build.0 = Debug|Win32
		{582D6D77-A2F5-4E70-8D6E-B26800ED985F}.Debug|Pocket PC 2003 (ARMV4).ActiveCfg = Debug|Win32
		{582D6D77-A2F5-4E70-8D6E-B26800ED985F}.Debug|Win32.ActiveCfg = Debug|Win32
		{582D6D77-A2F5-4E70-8D6E-B26800ED985F}.Debug|Win32.Build.0 = Debug|Win32
		{582D6D77-A2F5-4E70-8D6E-B26800ED985F}.Release|Mixed Platforms.ActiveCfg = Release|Win32
		{582D6D77-A2F5-4E70-8D6E-B26800ED985F}.Release|Mixed Platforms.Build.0 = Release|Win32
		{582D6D77-A2F5-4E70-8D6E-B26800ED985F}.Release|Pocket PC 2003 (ARMV4).ActiveCfg = Release|Win32
		{582D6D77-A2F5-4E70-8D6E-B26800ED985F}.Release|Win32.ActiveCfg = Release|Win32
		{582D6D77-A2F5-4E70-8D6E-B26800ED985F}.Release|Win32.Build.0 = Release|Win32
		{05252725-E4FE-4E84-BE04-8D75B066C19B}.Debug|Mixed Platforms.ActiveCfg = Debug|Win32
		{05252725-E4FE-4E84-BE04-8D75B066C19B}.Debug|Mixed Platforms.Build.0 = Debug|Win32
		{05252725-E4FE-4E84-BE04-8D75B066C19B}.Debug|Pocket PC 2003 (ARMV4).ActiveCfg = Debug|Win32
		{05252725-E4FE-4E84-BE04-8D75B066C19B}.Debug|Win32.ActiveCfg = Debug|Win32
		{05252725-E4FE-4E84-BE04-8D75B066C19B}.Debug|Win32.Build.0 = Debug|Win32
		{05252725-E4FE-4E84-BE04-8D75B066C19B}.Release|Mixed Platforms.ActiveCfg = Release|Win32
		{05252725-E4FE-4E84-BE04-8D75B066C19B}.Release|Mixed Platforms.Build.0 = Release|Win32
		{05252725-E4FE-4E84-BE04-8D75B066C19B}.Release|Pocket PC 2003 (ARMV4).ActiveCfg = Release|Win32
		{05252725-E4FE-4E84-BE04-8D75B066C19B}.Release|Win32.ActiveCfg = Release|Win32
		{05252725-E4FE-4E84-BE04-8D75B066C19B}.Release|Win32.Build.0 = Release|Win32
		{7E80940E-FE59-4C6B-B555-4E45100106E1}.Debug|Mixed Platforms.ActiveCfg = Debug|Win32
		{7E80940E-FE59-4C6B-B555-4E45100106E1}.Debug|Mixed Platforms.Build.0 = Debug|Win32
		{7E80940E-FE59-4C6B-B555-4E45100106E1}.Debug|Pocket PC 2003 (ARMV4).ActiveCfg = Debug|Win32
		{7E80940E-FE59-4C6B-B555-4E45100106E1}.Debug|Win32.ActiveCfg = Debug|Win32
		{7E80940E-FE59-4C6B-B555-4E45100106E1}.Debug|Win32.Build.0 = Debug|Win32
		{7E80940E-FE59-4C6B-B555-4E45100106E1}.Release|Mixed Platforms.ActiveCfg = Release|Win32
		{7E80940E-FE59-4C6B-B555-4E45100106E1}.Release|Mixed Platforms.Build.0 = Release|Win32
		{7E80940E-FE59-4C6B-B555-4E45100106E1}.Release|Pocket PC 2003 (ARMV4).ActiveCfg = Release|Win32
		{7E80940E-FE59-4C6B-B555-4E45100106E1}.Release|Win32.ActiveCfg = Release|Win32
		{7E80940E-FE59-4C6B-B555-4E45100106E1}.Release|Win32.Build.0 = Release|Win32
		{68E3F280-8620-4857-8634-7369882DCB55}.Debug|Mixed Platforms.ActiveCfg = Debug|Win32
		{68E3F280-8620-4857-8634-7369882DCB55}.Debug|Mixed Platforms.Build.0 = Debug|Win32
		{68E3F280-8620-4857-8634-7369882DCB55}.Debug|Pocket PC 2003 (ARMV4).ActiveCfg = Debug|Win32
		{68E3F280-8620-4857-8634-7369882DCB55}.Debug|Win32.ActiveCfg = Debug|Win32
		{68E3F280-8620-4857-8634-7369882DCB55}.Debug|Win32.Build.0 = Debug|Win32
		{68E3F280-8620-4857-8634-7369882DCB55}.Release|Mixed Platforms.ActiveCfg = Release|Win32
		{68E3F280-8620-4857-8634-7369882DCB55}.Release|Mixed Platforms.Build.0 = Release|Win32
		{68E3F280-8620-4857-8634-7369882DCB55}.Release|Pocket PC 2003 (ARMV4).ActiveCfg = Release|Win32
		{68E3F280-8620-4857-8634-7369882DCB55}.Release|Win32.ActiveCfg = Release|Win32
		{68E3F280-8620-4857-8634-7369882DCB55}.Release|Win32.Build.0 = Release|Win32
		{A3449213-3A21-450D-B85F-12C1DD4451C9}.Debug|Mixed Platforms.ActiveCfg = Debug|Win32
		{A3449213-3A21-450D-B85F-12C1DD4451C9}.Debug|Mixed Platforms.Build.0 = Debug|Win32
		{A3449213-3A21-450D-B85F-12C1DD4451C9}.Debug|Pocket PC 2003 (ARMV4).ActiveCfg = Debug|Win32
		{A3449213-3A21-450D-B85F-12C1DD4451C9}.Debug|Win32.ActiveCfg = Debug|Win32
		{A3449213-3A21-450D-B85F-12C1DD4451C9}.Debug|Win32.Build.0 = Debug|Win32
		{A3449213-3A21-450D-B85F-12C1DD4451C9}.Release|Mixed Platforms.ActiveCfg = Release|Win32
		{A3449213-3A21-450D-B85F-12C1DD4451C9}.Release|Mixed Platforms.Build.0 = Release|Win32
		{A3449213-3A21-450D-B85F-12C1DD4451C9}.Release|Pocket PC 2003 (ARMV4).ActiveCfg = Release|Win32
		{A3449213-3A21-450D-B85F-12C1DD4451C9}.Release|Win32.ActiveCfg = Release|Win32
		{A3449213-3A21-450D-B85F-12C1DD4451C9}.Release|Win32.Build.0 = Release|Win32
		{0A8F3985-9087-44A0-AF68-B8FF1A132A2B}.Debug|Mixed Platforms.ActiveCfg = Debug|Win32
		{0A8F3985-9087-44A0-AF68-B8FF1A132A2B}.Debug|Mixed Platforms.Build.0 = Debug|Win32
		{0A8F3985-9087-44A0-AF68-B8FF1A132A2B}.Debug|Pocket PC 2003 (ARMV4).ActiveCfg = Debug|Win32
		{0A8F3985-9087-44A0-AF68-B8FF1A132A2B}.Debug|Win32.ActiveCfg = Debug|Win32
		{0A8F3985-9087-44A0-AF68-B8FF1A132A2B}.Debug|Win32.Build.0 = Debug|Win32
		{0A8F3985-9087-44A0-AF68-B8FF1A132A2B}.Release|Mixed Platforms.ActiveCfg = Release|Win32
		{0A8F3985-9087-44A0-AF68-B8FF1A132A2B}.Release|Mixed Platforms.Build.0 = Release|Win32
		{0A8F3985-9087-44A0-AF68-B8FF1A132A2B}.Release|Pocket PC 2003 (ARMV4).ActiveCfg = Release|Win32
		{0A8F3985-9087-44A0-AF68-B8FF1A132A2B}.Release|Win32.ActiveCfg = Release|Win32
		{0A8F3985-9087-44A0-AF68-B8FF1A132A2B}.Release|Win32.Build.0 = Release|Win32
		{3C966CBA-2476-4160-9610-AD046B1315C2}.Debug|Mixed Platforms.ActiveCfg = Debug|Win32
		{3C966CBA-2476-4160-9610-AD046B1315C2}.Debug|Mixed Platforms.Build.0 = Debug|Win32
		{3C966CBA-2476-4160-9610-AD046B1315C2}.Debug|Pocket PC 2003 (ARMV4).ActiveCfg = Debug|Win32
		{3C966CBA-2476-4160-9610-AD046B1315C2}.Debug|Win32.ActiveCfg = Debug|Win32
		{3C966CBA-2476-4160-9610-AD046B1315C2}.Debug|Win32.Build.0 = Debug|Win32
		{3C966CBA-2476-4160-9610-AD046B1315C2}.Release|Mixed Platforms.ActiveCfg = Release|Win32
		{3C966CBA-2476-4160-9610-AD046B1315C2}.Release|Mixed Platforms.Build.0 = Release|Win32
		{3C966CBA-2476-4160-9610-AD046B1315C2}.Release|Pocket PC 2003 (ARMV4).ActiveCfg = Release|Win32
		{3C966CBA-2476-4160-9610-AD046B1315C2}.Release|Win32.ActiveCfg = Release|Win32
		{3C966CBA-2476-4160-9610-AD046B1315C2}.Release|Win32.Build.0 = Release|Win32
		{AD35D7E9-589B-49FE-92AF-8AF6839FA687}.Debug|Mixed Platforms.ActiveCfg = Debug|Win32
		{AD35D7E9-589B-49FE-92AF-8AF6839FA687}.Debug|Mixed Platforms.Build.0 = Debug|Win32
		{AD35D7E9-589B-49FE-92AF-8AF6839FA687}.Debug|Pocket PC 2003 (ARMV4).ActiveCfg = Debug|Win32
		{AD35D7E9-589B-49FE-92AF-8AF6839FA687}.Debug|Win32.ActiveCfg = Debug|Win32
		{AD35D7E9-589B-49FE-92AF-8AF6839FA687}.Debug|Win32.Build.0 = Debug|Win32
		{AD35D7E9-589B-49FE-92AF-8AF6839FA687}.Release|Mixed Platforms.ActiveCfg = Release|Win32
		{AD35D7E9-589B-49FE-92AF-8AF6839FA687}.Release|Mixed Platforms.Build.0 = Release|Win32
		{AD35D7E9-589B-49FE-92AF-8AF6839FA687}.Release|Pocket PC 2003 (ARMV4).ActiveCfg = Release|Win32
		{AD35D7E9-589B-49FE-92AF-8AF6839FA687}.Release|Win32.ActiveCfg = Release|Win32
		{AD35D7E9-589B-49FE-92AF-8AF6839FA687}.Release|Win32.Build.0 = Release|Win32
		{A5BCF329-A17A-4579-B8CB-5C82D2C01924}.Debug|Mixed Platforms.ActiveCfg = Debug|Win32
		{A5BCF329-A17A-4579-B8CB-5C82D2C01924}.Debug|Mixed Platforms.Build.0 = Debug|Win32
		{A5BCF329-A17A-4579-B8CB-5C82D2C01924}.Debug|Pocket PC 2003 (ARMV4).ActiveCfg = Debug|Win32
		{A5BCF329-A17A-4579-B8CB-5C82D2C01924}.Debug|Win32.ActiveCfg = Debug|Win32
		{A5BCF329-A17A-4579-B8CB-5C82D2C01924}.Debug|Win32.Build.0 = Debug|Win32
		{A5BCF329-A17A-4579-B8CB-5C82D2C01924}.Release|Mixed Platforms.ActiveCfg = Release|Win32
		{A5BCF329-A17A-4579-B8CB-5C82D2C01924}.Release|Mixed Platforms.Build.0 = Release|Win32
		{A5BCF329-A17A-4579-B8CB-5C82D2C01924}.Release|Pocket PC 2003 (ARMV4).ActiveCfg = Release|Win32
		{A5BCF329-A17A-4579-B8CB-5C82D2C01924}.Release|Win32.ActiveCfg = Release|Win32
		{A5BCF329-A17A-4579-B8CB-5C82D2C01924}.Release|Win32.Build.0 = Release|Win32
	EndGlobalSection
	GlobalSection(SolutionProperties) = preSolution
		HideSolutionNode = FALSE
	EndGlobalSection
EndGlobal
